{
  "name": "modonome",
  "version": "0.1.0-next.0",
  "lockfileVersion": 3,
  "requires": true,
  "packages": {
    "": {
      "name": "modonome",
      "version": "0.1.0-next.0",
      "license": "MIT",
      "bin": {
        "modonome": "bin/modonome.mjs"
      },
      "engines": {
        "node": ">=20"
      }
    }
  }
}
